
Microsoft Visual Studio Solution File, Format Version 12.00
# Visual Studio Version 16
VisualStudioVersion = 16.0.30907.101
MinimumVisualStudioVersion = 10.0.40219.1
Project("{9A19103F-16F7-4668-BE54-9A1E7A4F7556}") = "WebAPI", "WebAPI\WebAPI.csproj", "{71BF4E9E-4386-4032-9309-A6DFA44B2A50}"
EndProject
Project("{9A19103F-16F7-4668-BE54-9A1E7A4F7556}") = "WebAPI.Infrastructure", "WebApi.Infrastructure\WebAPI.Infrastructure.csproj", "{DB5D719C-5B29-4B77-BC17-3C8BA1750668}"
EndProject
Project("{9A19103F-16F7-4668-BE54-9A1E7A4F7556}") = "WebAPI.Application", "WebAPI.Application\WebAPI.Application.csproj", "{6CCD8FB9-FCAD-4C8D-849D-44618D074807}"
EndProject
Project("{FAE04EC0-301F-11D3-BF4B-00C04F79EFBC}") = "WebAPI.Core", "WebAPI.Shared\WebAPI.Core.csproj", "{A62B7664-E6F2-44D5-9640-82D6D30D14A5}"
EndProject
Global
	GlobalSection(SolutionConfigurationPlatforms) = preSolution
		Debug|Any CPU = Debug|Any CPU
		Release|Any CPU = Release|Any CPU
	EndGlobalSection
	GlobalSection(ProjectConfigurationPlatforms) = postSolution
		{71BF4E9E-4386-4032-9309-A6DFA44B2A50}.Debug|Any CPU.ActiveCfg = Debug|Any CPU
		{71BF4E9E-4386-4032-9309-A6DFA44B2A50}.Debug|Any CPU.Build.0 = Debug|Any CPU
		{71BF4E9E-4386-4032-9309-A6DFA44B2A50}.Release|Any CPU.ActiveCfg = Release|Any CPU
		{71BF4E9E-4386-4032-9309-A6DFA44B2A50}.Release|Any CPU.Build.0 = Release|Any CPU
		{DB5D719C-5B29-4B77-BC17-3C8BA1750668}.Debug|Any CPU.ActiveCfg = Debug|Any CPU
		{DB5D719C-5B29-4B77-BC17-3C8BA1750668}.Debug|Any CPU.Build.0 = Debug|Any CPU
		{DB5D719C-5B29-4B77-BC17-3C8BA1750668}.Release|Any CPU.ActiveCfg = Release|Any CPU
		{DB5D719C-5B29-4B77-BC17-3C8BA1750668}.Release|Any CPU.Build.0 = Release|Any CPU
		{6CCD8FB9-FCAD-4C8D-849D-44618D074807}.Debug|Any CPU.ActiveCfg = Debug|Any CPU
		{6CCD8FB9-FCAD-4C8D-849D-44618D074807}.Debug|Any CPU.Build.0 = Debug|Any CPU
		{6CCD8FB9-FCAD-4C8D-849D-44618D074807}.Release|Any CPU.ActiveCfg = Release|Any CPU
		{6CCD8FB9-FCAD-4C8D-849D-44618D074807}.Release|Any CPU.Build.0 = Release|Any CPU
		{A62B7664-E6F2-44D5-9640-82D6D30D14A5}.Debug|Any CPU.ActiveCfg = Debug|Any CPU
		{A62B7664-E6F2-44D5-9640-82D6D30D14A5}.Debug|Any CPU.Build.0 = Debug|Any CPU
		{A62B7664-E6F2-44D5-9640-82D6D30D14A5}.Release|Any CPU.ActiveCfg = Release|Any CPU
		{A62B7664-E6F2-44D5-9640-82D6D30D14A5}.Release|Any CPU.Build.0 = Release|Any CPU
	EndGlobalSection
	GlobalSection(SolutionProperties) = preSolution
		HideSolutionNode = FALSE
	EndGlobalSection
	GlobalSection(ExtensibilityGlobals) = postSolution
		SolutionGuid = {FFE94CB3-080A-4E5F-91B9-5B54B1642708}
	EndGlobalSection
EndGlobal
